# This file is automatically @generated by Wally.
# It is not intended for manual editing.
registry = "test"

[[package]]
name = "corecii/greentea"
version = "0.4.11"
dependencies = []

[[package]]
name = "data-oriented-house/squash"
version = "2.5.0"
dependencies = []

[[package]]
name = "knownsh/minigame-game-game"
version = "0.1.0"
dependencies = [["GreenTea", "corecii/greentea@0.4.11"], ["Planck", "yetanotherclown/planck@0.2.0-rc.2"], ["PlanckRunService", "yetanotherclown/planck-runservice@0.2.0-rc.1"], ["jecs", "ukendio/jecs@0.5.5"], ["squash", "data-oriented-house/squash@2.5.0"]]

[[package]]
name = "ukendio/jecs"
version = "0.5.5"
dependencies = []

[[package]]
name = "yetanotherclown/planck"
version = "0.2.0-rc.2"
dependencies = []

[[package]]
name = "yetanotherclown/planck-runservice"
version = "0.2.0-rc.1"
dependencies = [["Planck", "yetanotherclown/planck@0.2.0-rc.2"]]
